Microsoft Visual Studio Solution File, Format Version 12.00
# Visual Studio Version 17
VisualStudioVersion = 17.0.31903.59
MinimumVisualStudioVersion = 10.0.40219.1
Project("{2150E333-8FDC-42A3-9474-1A3956D46DE8}") = "src", "src", "{827E0CD3-B72D-47B6-A68D-7590B98EB39B}"
EndProject
Project("{FAE04EC0-301F-11D3-BF4B-00C04F79EFBC}") = "IdentityMapping.IdentityServer", "src\IdentityMapping.IdentityServer\IdentityMapping.IdentityServer.csproj", "{78DEC965-C243-4DB0-A17F-039A8697795D}"
EndProject
Project("{FAE04EC0-301F-11D3-BF4B-00C04F79EFBC}") = "IdentityMapping.Common", "src\IdentityMapping.Common\IdentityMapping.Common.csproj", "{D41ED283-2BE6-4A10-B879-BD5E15EE9DC7}"
EndProject
Project("{FAE04EC0-301F-11D3-BF4B-00C04F79EFBC}") = "IdentityMapping.Tests", "src\IdentityMapping.Tests\IdentityMapping.Tests.csproj", "{47C31472-360C-449E-AB00-09CE4BBD9FBD}"
EndProject
Project("{FAE04EC0-301F-11D3-BF4B-00C04F79EFBC}") = "IdentityMapping.ApiClient", "src\IdentityMapping.ApiClient\IdentityMapping.ApiClient.csproj", "{8632F99E-14C4-48B3-AF42-630AD4026553}"
EndProject
Project("{FAE04EC0-301F-11D3-BF4B-00C04F79EFBC}") = "IdentityMapping.Worker", "src\IdentityMapping.Worker\IdentityMapping.Worker.csproj", "{E8740864-B5D8-4591-9F1A-8AC4B3A0BBB5}"
EndProject
Project("{FAE04EC0-301F-11D3-BF4B-00C04F79EFBC}") = "IdentityMapping.Infrastructure", "src\IdentityMapping.Infrastructure\IdentityMapping.Infrastructure.csproj", "{F9B4EA3A-5D8A-4C98-9A1E-8C14DB7B33A7}"
EndProject
Project("{FAE04EC0-301F-11D3-BF4B-00C04F79EFBC}") = "IdentityMapping.Core", "src\IdentityMapping.Core\IdentityMapping.Core.csproj", "{B61AA5FC-A089-4DCC-B3ED-CD0390A14F2B}"
EndProject
Project("{FAE04EC0-301F-11D3-BF4B-00C04F79EFBC}") = "IdentityMapping.UserMappingService", "src\IdentityMapping.UserMappingService\IdentityMapping.UserMappingService.csproj", "{C02EC65A-D792-4E62-B544-B9C5E3542DA3}"
EndProject
Global
	GlobalSection(SolutionConfigurationPlatforms) = preSolution
		Debug|Any CPU = Debug|Any CPU
		Debug|x64 = Debug|x64
		Debug|x86 = Debug|x86
		Release|Any CPU = Release|Any CPU
		Release|x64 = Release|x64
		Release|x86 = Release|x86
	EndGlobalSection
	GlobalSection(ProjectConfigurationPlatforms) = postSolution
		{78DEC965-C243-4DB0-A17F-039A8697795D}.Debug|Any CPU.ActiveCfg = Debug|Any CPU
		{78DEC965-C243-4DB0-A17F-039A8697795D}.Debug|Any CPU.Build.0 = Debug|Any CPU
		{78DEC965-C243-4DB0-A17F-039A8697795D}.Debug|x64.ActiveCfg = Debug|Any CPU
		{78DEC965-C243-4DB0-A17F-039A8697795D}.Debug|x64.Build.0 = Debug|Any CPU
		{78DEC965-C243-4DB0-A17F-039A8697795D}.Debug|x86.ActiveCfg = Debug|Any CPU
		{78DEC965-C243-4DB0-A17F-039A8697795D}.Debug|x86.Build.0 = Debug|Any CPU
		{78DEC965-C243-4DB0-A17F-039A8697795D}.Release|Any CPU.ActiveCfg = Release|Any CPU
		{78DEC965-C243-4DB0-A17F-039A8697795D}.Release|Any CPU.Build.0 = Release|Any CPU
		{78DEC965-C243-4DB0-A17F-039A8697795D}.Release|x64.ActiveCfg = Release|Any CPU
		{78DEC965-C243-4DB0-A17F-039A8697795D}.Release|x64.Build.0 = Release|Any CPU
		{78DEC965-C243-4DB0-A17F-039A8697795D}.Release|x86.ActiveCfg = Release|Any CPU
		{78DEC965-C243-4DB0-A17F-039A8697795D}.Release|x86.Build.0 = Release|Any CPU
		{D41ED283-2BE6-4A10-B879-BD5E15EE9DC7}.Debug|Any CPU.ActiveCfg = Debug|Any CPU
		{D41ED283-2BE6-4A10-B879-BD5E15EE9DC7}.Debug|Any CPU.Build.0 = Debug|Any CPU
		{D41ED283-2BE6-4A10-B879-BD5E15EE9DC7}.Debug|x64.ActiveCfg = Debug|Any CPU
		{D41ED283-2BE6-4A10-B879-BD5E15EE9DC7}.Debug|x64.Build.0 = Debug|Any CPU
		{D41ED283-2BE6-4A10-B879-BD5E15EE9DC7}.Debug|x86.ActiveCfg = Debug|Any CPU
		{D41ED283-2BE6-4A10-B879-BD5E15EE9DC7}.Debug|x86.Build.0 = Debug|Any CPU
		{D41ED283-2BE6-4A10-B879-BD5E15EE9DC7}.Release|Any CPU.ActiveCfg = Release|Any CPU
		{D41ED283-2BE6-4A10-B879-BD5E15EE9DC7}.Release|Any CPU.Build.0 = Release|Any CPU
		{D41ED283-2BE6-4A10-B879-BD5E15EE9DC7}.Release|x64.ActiveCfg = Release|Any CPU
		{D41ED283-2BE6-4A10-B879-BD5E15EE9DC7}.Release|x64.Build.0 = Release|Any CPU
		{D41ED283-2BE6-4A10-B879-BD5E15EE9DC7}.Release|x86.ActiveCfg = Release|Any CPU
		{D41ED283-2BE6-4A10-B879-BD5E15EE9DC7}.Release|x86.Build.0 = Release|Any CPU
		{47C31472-360C-449E-AB00-09CE4BBD9FBD}.Debug|Any CPU.ActiveCfg = Debug|Any CPU
		{47C31472-360C-449E-AB00-09CE4BBD9FBD}.Debug|Any CPU.Build.0 = Debug|Any CPU
		{47C31472-360C-449E-AB00-09CE4BBD9FBD}.Debug|x64.ActiveCfg = Debug|Any CPU
		{47C31472-360C-449E-AB00-09CE4BBD9FBD}.Debug|x64.Build.0 = Debug|Any CPU
		{47C31472-360C-449E-AB00-09CE4BBD9FBD}.Debug|x86.ActiveCfg = Debug|Any CPU
		{47C31472-360C-449E-AB00-09CE4BBD9FBD}.Debug|x86.Build.0 = Debug|Any CPU
		{47C31472-360C-449E-AB00-09CE4BBD9FBD}.Release|Any CPU.ActiveCfg = Release|Any CPU
		{47C31472-360C-449E-AB00-09CE4BBD9FBD}.Release|Any CPU.Build.0 = Release|Any CPU
		{47C31472-360C-449E-AB00-09CE4BBD9FBD}.Release|x64.ActiveCfg = Release|Any CPU
		{47C31472-360C-449E-AB00-09CE4BBD9FBD}.Release|x64.Build.0 = Release|Any CPU
		{47C31472-360C-449E-AB00-09CE4BBD9FBD}.Release|x86.ActiveCfg = Release|Any CPU
		{47C31472-360C-449E-AB00-09CE4BBD9FBD}.Release|x86.Build.0 = Release|Any CPU
		{8632F99E-14C4-48B3-AF42-630AD4026553}.Debug|Any CPU.ActiveCfg = Debug|Any CPU
		{8632F99E-14C4-48B3-AF42-630AD4026553}.Debug|Any CPU.Build.0 = Debug|Any CPU
		{8632F99E-14C4-48B3-AF42-630AD4026553}.Debug|x64.ActiveCfg = Debug|Any CPU
		{8632F99E-14C4-48B3-AF42-630AD4026553}.Debug|x64.Build.0 = Debug|Any CPU
		{8632F99E-14C4-48B3-AF42-630AD4026553}.Debug|x86.ActiveCfg = Debug|Any CPU
		{8632F99E-14C4-48B3-AF42-630AD4026553}.Debug|x86.Build.0 = Debug|Any CPU
		{8632F99E-14C4-48B3-AF42-630AD4026553}.Release|Any CPU.ActiveCfg = Release|Any CPU
		{8632F99E-14C4-48B3-AF42-630AD4026553}.Release|Any CPU.Build.0 = Release|Any CPU
		{8632F99E-14C4-48B3-AF42-630AD4026553}.Release|x64.ActiveCfg = Release|Any CPU
		{8632F99E-14C4-48B3-AF42-630AD4026553}.Release|x64.Build.0 = Release|Any CPU
		{8632F99E-14C4-48B3-AF42-630AD4026553}.Release|x86.ActiveCfg = Release|Any CPU
		{8632F99E-14C4-48B3-AF42-630AD4026553}.Release|x86.Build.0 = Release|Any CPU
		{E8740864-B5D8-4591-9F1A-8AC4B3A0BBB5}.Debug|Any CPU.ActiveCfg = Debug|Any CPU
		{E8740864-B5D8-4591-9F1A-8AC4B3A0BBB5}.Debug|Any CPU.Build.0 = Debug|Any CPU
		{E8740864-B5D8-4591-9F1A-8AC4B3A0BBB5}.Debug|x64.ActiveCfg = Debug|Any CPU
		{E8740864-B5D8-4591-9F1A-8AC4B3A0BBB5}.Debug|x64.Build.0 = Debug|Any CPU
		{E8740864-B5D8-4591-9F1A-8AC4B3A0BBB5}.Debug|x86.ActiveCfg = Debug|Any CPU
		{E8740864-B5D8-4591-9F1A-8AC4B3A0BBB5}.Debug|x86.Build.0 = Debug|Any CPU
		{E8740864-B5D8-4591-9F1A-8AC4B3A0BBB5}.Release|Any CPU.ActiveCfg = Release|Any CPU
		{E8740864-B5D8-4591-9F1A-8AC4B3A0BBB5}.Release|Any CPU.Build.0 = Release|Any CPU
		{E8740864-B5D8-4591-9F1A-8AC4B3A0BBB5}.Release|x64.ActiveCfg = Release|Any CPU
		{E8740864-B5D8-4591-9F1A-8AC4B3A0BBB5}.Release|x64.Build.0 = Release|Any CPU
		{E8740864-B5D8-4591-9F1A-8AC4B3A0BBB5}.Release|x86.ActiveCfg = Release|Any CPU
		{E8740864-B5D8-4591-9F1A-8AC4B3A0BBB5}.Release|x86.Build.0 = Release|Any CPU
		{F9B4EA3A-5D8A-4C98-9A1E-8C14DB7B33A7}.Debug|Any CPU.ActiveCfg = Debug|Any CPU
		{F9B4EA3A-5D8A-4C98-9A1E-8C14DB7B33A7}.Debug|Any CPU.Build.0 = Debug|Any CPU
		{F9B4EA3A-5D8A-4C98-9A1E-8C14DB7B33A7}.Debug|x64.ActiveCfg = Debug|Any CPU
		{F9B4EA3A-5D8A-4C98-9A1E-8C14DB7B33A7}.Debug|x64.Build.0 = Debug|Any CPU
		{F9B4EA3A-5D8A-4C98-9A1E-8C14DB7B33A7}.Debug|x86.ActiveCfg = Debug|Any CPU
		{F9B4EA3A-5D8A-4C98-9A1E-8C14DB7B33A7}.Debug|x86.Build.0 = Debug|Any CPU
		{F9B4EA3A-5D8A-4C98-9A1E-8C14DB7B33A7}.Release|Any CPU.ActiveCfg = Release|Any CPU
		{F9B4EA3A-5D8A-4C98-9A1E-8C14DB7B33A7}.Release|Any CPU.Build.0 = Release|Any CPU
		{F9B4EA3A-5D8A-4C98-9A1E-8C14DB7B33A7}.Release|x64.ActiveCfg = Release|Any CPU
		{F9B4EA3A-5D8A-4C98-9A1E-8C14DB7B33A7}.Release|x64.Build.0 = Release|Any CPU
		{F9B4EA3A-5D8A-4C98-9A1E-8C14DB7B33A7}.Release|x86.ActiveCfg = Release|Any CPU
		{F9B4EA3A-5D8A-4C98-9A1E-8C14DB7B33A7}.Release|x86.Build.0 = Release|Any CPU
		{B61AA5FC-A089-4DCC-B3ED-CD0390A14F2B}.Debug|Any CPU.ActiveCfg = Debug|Any CPU
		{B61AA5FC-A089-4DCC-B3ED-CD0390A14F2B}.Debug|Any CPU.Build.0 = Debug|Any CPU
		{B61AA5FC-A089-4DCC-B3ED-CD0390A14F2B}.Debug|x64.ActiveCfg = Debug|Any CPU
		{B61AA5FC-A089-4DCC-B3ED-CD0390A14F2B}.Debug|x64.Build.0 = Debug|Any CPU
		{B61AA5FC-A089-4DCC-B3ED-CD0390A14F2B}.Debug|x86.ActiveCfg = Debug|Any CPU
		{B61AA5FC-A089-4DCC-B3ED-CD0390A14F2B}.Debug|x86.Build.0 = Debug|Any CPU
		{B61AA5FC-A089-4DCC-B3ED-CD0390A14F2B}.Release|Any CPU.ActiveCfg = Release|Any CPU
		{B61AA5FC-A089-4DCC-B3ED-CD0390A14F2B}.Release|Any CPU.Build.0 = Release|Any CPU
		{B61AA5FC-A089-4DCC-B3ED-CD0390A14F2B}.Release|x64.ActiveCfg = Release|Any CPU
		{B61AA5FC-A089-4DCC-B3ED-CD0390A14F2B}.Release|x64.Build.0 = Release|Any CPU
		{B61AA5FC-A089-4DCC-B3ED-CD0390A14F2B}.Release|x86.ActiveCfg = Release|Any CPU
		{B61AA5FC-A089-4DCC-B3ED-CD0390A14F2B}.Release|x86.Build.0 = Release|Any CPU
		{C02EC65A-D792-4E62-B544-B9C5E3542DA3}.Debug|Any CPU.ActiveCfg = Debug|Any CPU
		{C02EC65A-D792-4E62-B544-B9C5E3542DA3}.Debug|Any CPU.Build.0 = Debug|Any CPU
		{C02EC65A-D792-4E62-B544-B9C5E3542DA3}.Debug|x64.ActiveCfg = Debug|Any CPU
		{C02EC65A-D792-4E62-B544-B9C5E3542DA3}.Debug|x64.Build.0 = Debug|Any CPU
		{C02EC65A-D792-4E62-B544-B9C5E3542DA3}.Debug|x86.ActiveCfg = Debug|Any CPU
		{C02EC65A-D792-4E62-B544-B9C5E3542DA3}.Debug|x86.Build.0 = Debug|Any CPU
		{C02EC65A-D792-4E62-B544-B9C5E3542DA3}.Release|Any CPU.ActiveCfg = Release|Any CPU
		{C02EC65A-D792-4E62-B544-B9C5E3542DA3}.Release|Any CPU.Build.0 = Release|Any CPU
		{C02EC65A-D792-4E62-B544-B9C5E3542DA3}.Release|x64.ActiveCfg = Release|Any CPU
		{C02EC65A-D792-4E62-B544-B9C5E3542DA3}.Release|x64.Build.0 = Release|Any CPU
		{C02EC65A-D792-4E62-B544-B9C5E3542DA3}.Release|x86.ActiveCfg = Release|Any CPU
		{C02EC65A-D792-4E62-B544-B9C5E3542DA3}.Release|x86.Build.0 = Release|Any CPU
	EndGlobalSection
	GlobalSection(SolutionProperties) = preSolution
		HideSolutionNode = FALSE
	EndGlobalSection
	GlobalSection(NestedProjects) = preSolution
		{78DEC965-C243-4DB0-A17F-039A8697795D} = {827E0CD3-B72D-47B6-A68D-7590B98EB39B}
		{D41ED283-2BE6-4A10-B879-BD5E15EE9DC7} = {827E0CD3-B72D-47B6-A68D-7590B98EB39B}
		{47C31472-360C-449E-AB00-09CE4BBD9FBD} = {827E0CD3-B72D-47B6-A68D-7590B98EB39B}
		{8632F99E-14C4-48B3-AF42-630AD4026553} = {827E0CD3-B72D-47B6-A68D-7590B98EB39B}
		{E8740864-B5D8-4591-9F1A-8AC4B3A0BBB5} = {827E0CD3-B72D-47B6-A68D-7590B98EB39B}
		{F9B4EA3A-5D8A-4C98-9A1E-8C14DB7B33A7} = {827E0CD3-B72D-47B6-A68D-7590B98EB39B}
		{B61AA5FC-A089-4DCC-B3ED-CD0390A14F2B} = {827E0CD3-B72D-47B6-A68D-7590B98EB39B}
		{C02EC65A-D792-4E62-B544-B9C5E3542DA3} = {827E0CD3-B72D-47B6-A68D-7590B98EB39B}
	EndGlobalSection
EndGlobal
